
Microsoft Visual Studio Solution File, Format Version 12.00
# Visual Studio 2015
Project("{FAE04EC0-301F-11D3-BF4B-00C04F79EFBC}") = "ProjectSpherule.CSharp.Plugins", "ProjectSpherule.CSharp.Plugins.csproj", "{BC86EAAA-0C3B-2581-86EB-89E77F6D5BCE}"
EndProject
Global
	GlobalSection(SolutionConfigurationPlatforms) = preSolution
		Debug|Any CPU = Debug|Any CPU
		Release|Any CPU = Release|Any CPU
	EndGlobalSection
	GlobalSection(ProjectConfigurationPlatforms) = postSolution
		{BC86EAAA-0C3B-2581-86EB-89E77F6D5BCE}.Debug|Any CPU.ActiveCfg = Debug|Any CPU
		{BC86EAAA-0C3B-2581-86EB-89E77F6D5BCE}.Debug|Any CPU.Build.0 = Debug|Any CPU
		{BC86EAAA-0C3B-2581-86EB-89E77F6D5BCE}.Release|Any CPU.ActiveCfg = Release|Any CPU
		{BC86EAAA-0C3B-2581-86EB-89E77F6D5BCE}.Release|Any CPU.Build.0 = Release|Any CPU
	EndGlobalSection
	GlobalSection(SolutionProperties) = preSolution
		HideSolutionNode = FALSE
	EndGlobalSection
EndGlobal
